
Microsoft Visual Studio Solution File, Format Version 12.00
# Visual Studio 15
VisualStudioVersion = 15.0.27130.2024
MinimumVisualStudioVersion = 10.0.40219.1
Project("{FAE04EC0-301F-11D3-BF4B-00C04F79EFBC}") = "Bishopric6Cal", "Bishopric6Cal.csproj", "{3FC2B00C-E93E-409C-9133-A69802527ED7}"
EndProject
Global
	GlobalSection(SolutionConfigurationPlatforms) = preSolution
		Debug|Any CPU = Debug|Any CPU
		Release|Any CPU = Release|Any CPU
	EndGlobalSection
	GlobalSection(ProjectConfigurationPlatforms) = postSolution
		{3FC2B00C-E93E-409C-9133-A69802527ED7}.Debug|Any CPU.ActiveCfg = Debug|Any CPU
		{3FC2B00C-E93E-409C-9133-A69802527ED7}.Debug|Any CPU.Build.0 = Debug|Any CPU
		{3FC2B00C-E93E-409C-9133-A69802527ED7}.Release|Any CPU.ActiveCfg = Release|Any CPU
		{3FC2B00C-E93E-409C-9133-A69802527ED7}.Release|Any CPU.Build.0 = Release|Any CPU
	EndGlobalSection
	GlobalSection(SolutionProperties) = preSolution
		HideSolutionNode = FALSE
	EndGlobalSection
	GlobalSection(ExtensibilityGlobals) = postSolution
		SolutionGuid = {1293DE82-A09D-408B-A69A-4B966ABDBDCD}
	EndGlobalSection
EndGlobal
